
Microsoft Visual Studio Solution File, Format Version 12.00
# Visual Studio 15
VisualStudioVersion = 15.0.27428.2015
MinimumVisualStudioVersion = 10.0.40219.1
Project("{FAE04EC0-301F-11D3-BF4B-00C04F79EFBC}") = "Webapp", "Webapp\Webapp.csproj", "{EA33A1B4-8836-411A-862B-D2DDEB89EA32}"
EndProject
Global
	GlobalSection(SolutionConfigurationPlatforms) = preSolution
		Debug|Any CPU = Debug|Any CPU
		Release|Any CPU = Release|Any CPU
	EndGlobalSection
	GlobalSection(ProjectConfigurationPlatforms) = postSolution
		{EA33A1B4-8836-411A-862B-D2DDEB89EA32}.Debug|Any CPU.ActiveCfg = Debug|Any CPU
		{EA33A1B4-8836-411A-862B-D2DDEB89EA32}.Debug|Any CPU.Build.0 = Debug|Any CPU
		{EA33A1B4-8836-411A-862B-D2DDEB89EA32}.Release|Any CPU.ActiveCfg = Release|Any CPU
		{EA33A1B4-8836-411A-862B-D2DDEB89EA32}.Release|Any CPU.Build.0 = Release|Any CPU
	EndGlobalSection
	GlobalSection(SolutionProperties) = preSolution
		HideSolutionNode = FALSE
	EndGlobalSection
	GlobalSection(ExtensibilityGlobals) = postSolution
		SolutionGuid = {3CD51D7A-D060-464F-ACBB-32E482C9A50E}
	EndGlobalSection
EndGlobal
